
Microsoft Visual Studio Solution File, Format Version 12.00
# Visual Studio Version 16
VisualStudioVersion = 16.0.31829.152
MinimumVisualStudioVersion = 10.0.40219.1
Project("{8BC9CEB8-8B4A-11D0-8D11-00A0C91BC942}") = "hw6_3", "hw6_3\hw6_3.vcxproj", "{40BAE982-3768-4186-892E-2537622D9323}"
EndProject
Global
	GlobalSection(SolutionConfigurationPlatforms) = preSolution
		Debug|x64 = Debug|x64
		Debug|x86 = Debug|x86
		Release|x64 = Release|x64
		Release|x86 = Release|x86
	EndGlobalSection
	GlobalSection(ProjectConfigurationPlatforms) = postSolution
		{40BAE982-3768-4186-892E-2537622D9323}.Debug|x64.ActiveCfg = Debug|x64
		{40BAE982-3768-4186-892E-2537622D9323}.Debug|x64.Build.0 = Debug|x64
		{40BAE982-3768-4186-892E-2537622D9323}.Debug|x86.ActiveCfg = Debug|Win32
		{40BAE982-3768-4186-892E-2537622D9323}.Debug|x86.Build.0 = Debug|Win32
		{40BAE982-3768-4186-892E-2537622D9323}.Release|x64.ActiveCfg = Release|x64
		{40BAE982-3768-4186-892E-2537622D9323}.Release|x64.Build.0 = Release|x64
		{40BAE982-3768-4186-892E-2537622D9323}.Release|x86.ActiveCfg = Release|Win32
		{40BAE982-3768-4186-892E-2537622D9323}.Release|x86.Build.0 = Release|Win32
	EndGlobalSection
	GlobalSection(SolutionProperties) = preSolution
		HideSolutionNode = FALSE
	EndGlobalSection
	GlobalSection(ExtensibilityGlobals) = postSolution
		SolutionGuid = {9B353D1D-A6D8-49DF-A77C-803AD9A103EE}
	EndGlobalSection
EndGlobal
