
Microsoft Visual Studio Solution File, Format Version 12.00
# Visual Studio Version 16
VisualStudioVersion = 16.0.31729.503
MinimumVisualStudioVersion = 10.0.40219.1
Project("{8BC9CEB8-8B4A-11D0-8D11-00A0C91BC942}") = "Project_midterm_inverse", "Project_midterm_inverse\Project_midterm_inverse.vcxproj", "{0621AEEF-3825-40F3-A074-22FC35904959}"
EndProject
Global
	GlobalSection(SolutionConfigurationPlatforms) = preSolution
		Debug|x64 = Debug|x64
		Debug|x86 = Debug|x86
		Release|x64 = Release|x64
		Release|x86 = Release|x86
	EndGlobalSection
	GlobalSection(ProjectConfigurationPlatforms) = postSolution
		{0621AEEF-3825-40F3-A074-22FC35904959}.Debug|x64.ActiveCfg = Debug|x64
		{0621AEEF-3825-40F3-A074-22FC35904959}.Debug|x64.Build.0 = Debug|x64
		{0621AEEF-3825-40F3-A074-22FC35904959}.Debug|x86.ActiveCfg = Debug|Win32
		{0621AEEF-3825-40F3-A074-22FC35904959}.Debug|x86.Build.0 = Debug|Win32
		{0621AEEF-3825-40F3-A074-22FC35904959}.Release|x64.ActiveCfg = Release|x64
		{0621AEEF-3825-40F3-A074-22FC35904959}.Release|x64.Build.0 = Release|x64
		{0621AEEF-3825-40F3-A074-22FC35904959}.Release|x86.ActiveCfg = Release|Win32
		{0621AEEF-3825-40F3-A074-22FC35904959}.Release|x86.Build.0 = Release|Win32
	EndGlobalSection
	GlobalSection(SolutionProperties) = preSolution
		HideSolutionNode = FALSE
	EndGlobalSection
	GlobalSection(ExtensibilityGlobals) = postSolution
		SolutionGuid = {F58982F4-5E59-48E4-9883-292B5B6B425F}
	EndGlobalSection
EndGlobal
