
Microsoft Visual Studio Solution File, Format Version 12.00
# Visual Studio Version 16
VisualStudioVersion = 16.0.31729.503
MinimumVisualStudioVersion = 10.0.40219.1
Project("{8BC9CEB8-8B4A-11D0-8D11-00A0C91BC942}") = "Project1", "Project1\Project1.vcxproj", "{A83E6712-C0F4-4017-B7A7-A2C5F19EE211}"
EndProject
Global
	GlobalSection(SolutionConfigurationPlatforms) = preSolution
		Debug|x64 = Debug|x64
		Debug|x86 = Debug|x86
		Release|x64 = Release|x64
		Release|x86 = Release|x86
	EndGlobalSection
	GlobalSection(ProjectConfigurationPlatforms) = postSolution
		{A83E6712-C0F4-4017-B7A7-A2C5F19EE211}.Debug|x64.ActiveCfg = Debug|x64
		{A83E6712-C0F4-4017-B7A7-A2C5F19EE211}.Debug|x64.Build.0 = Debug|x64
		{A83E6712-C0F4-4017-B7A7-A2C5F19EE211}.Debug|x86.ActiveCfg = Debug|Win32
		{A83E6712-C0F4-4017-B7A7-A2C5F19EE211}.Debug|x86.Build.0 = Debug|Win32
		{A83E6712-C0F4-4017-B7A7-A2C5F19EE211}.Release|x64.ActiveCfg = Release|x64
		{A83E6712-C0F4-4017-B7A7-A2C5F19EE211}.Release|x64.Build.0 = Release|x64
		{A83E6712-C0F4-4017-B7A7-A2C5F19EE211}.Release|x86.ActiveCfg = Release|Win32
		{A83E6712-C0F4-4017-B7A7-A2C5F19EE211}.Release|x86.Build.0 = Release|Win32
	EndGlobalSection
	GlobalSection(SolutionProperties) = preSolution
		HideSolutionNode = FALSE
	EndGlobalSection
	GlobalSection(ExtensibilityGlobals) = postSolution
		SolutionGuid = {DD073D0D-670D-446F-9702-AEB08B827901}
	EndGlobalSection
EndGlobal
