
Microsoft Visual Studio Solution File, Format Version 12.00
# Visual Studio Version 16
VisualStudioVersion = 16.0.31829.152
MinimumVisualStudioVersion = 10.0.40219.1
Project("{8BC9CEB8-8B4A-11D0-8D11-00A0C91BC942}") = "hw8_2", "hw8_2\hw8_2.vcxproj", "{0112E2D1-F9B1-4C10-8266-6D085EC47E93}"
EndProject
Global
	GlobalSection(SolutionConfigurationPlatforms) = preSolution
		Debug|x64 = Debug|x64
		Debug|x86 = Debug|x86
		Release|x64 = Release|x64
		Release|x86 = Release|x86
	EndGlobalSection
	GlobalSection(ProjectConfigurationPlatforms) = postSolution
		{0112E2D1-F9B1-4C10-8266-6D085EC47E93}.Debug|x64.ActiveCfg = Debug|x64
		{0112E2D1-F9B1-4C10-8266-6D085EC47E93}.Debug|x64.Build.0 = Debug|x64
		{0112E2D1-F9B1-4C10-8266-6D085EC47E93}.Debug|x86.ActiveCfg = Debug|Win32
		{0112E2D1-F9B1-4C10-8266-6D085EC47E93}.Debug|x86.Build.0 = Debug|Win32
		{0112E2D1-F9B1-4C10-8266-6D085EC47E93}.Release|x64.ActiveCfg = Release|x64
		{0112E2D1-F9B1-4C10-8266-6D085EC47E93}.Release|x64.Build.0 = Release|x64
		{0112E2D1-F9B1-4C10-8266-6D085EC47E93}.Release|x86.ActiveCfg = Release|Win32
		{0112E2D1-F9B1-4C10-8266-6D085EC47E93}.Release|x86.Build.0 = Release|Win32
	EndGlobalSection
	GlobalSection(SolutionProperties) = preSolution
		HideSolutionNode = FALSE
	EndGlobalSection
	GlobalSection(ExtensibilityGlobals) = postSolution
		SolutionGuid = {1EE5F250-15E0-49B9-8F5F-E39C657D58E0}
	EndGlobalSection
EndGlobal
